
Microsoft Visual Studio Solution File, Format Version 12.00
# Visual Studio Version 17
VisualStudioVersion = 17.9.34728.123
MinimumVisualStudioVersion = 10.0.40219.1
Project("{2150E333-8FDC-42A3-9474-1A3956D46DE8}") = "Services", "Services", "{C747C28C-0F16-4226-AF1D-8801954BC6EF}"
EndProject
Project("{2150E333-8FDC-42A3-9474-1A3956D46DE8}") = "WebApps", "WebApps", "{EE64817B-ADFE-45F9-9AF3-A7B355DCB34D}"
EndProject
Project("{2150E333-8FDC-42A3-9474-1A3956D46DE8}") = "Cadastros", "Cadastros", "{53379A1A-363A-4581-8FE3-198862AA0DD1}"
EndProject
Project("{2150E333-8FDC-42A3-9474-1A3956D46DE8}") = "Catalogo", "Catalogo", "{D1BD343B-44AC-4227-8F99-65368AFBBB51}"
EndProject
Project("{2150E333-8FDC-42A3-9474-1A3956D46DE8}") = "Core", "Core", "{F8CA1080-3C07-4713-86DB-80A0A1D04D69}"
EndProject
Project("{2150E333-8FDC-42A3-9474-1A3956D46DE8}") = "Fiscal", "Fiscal", "{64E7C8E1-10F3-4FDF-B197-658E52EA6675}"
EndProject
Project("{2150E333-8FDC-42A3-9474-1A3956D46DE8}") = "Pagamentos", "Pagamentos", "{02C1371E-0088-4325-A051-67C2AC5B8F59}"
EndProject
Project("{2150E333-8FDC-42A3-9474-1A3956D46DE8}") = "Vendas", "Vendas", "{2B94A111-A528-4ED3-A2A5-EDA429856360}"
EndProject
Project("{9A19103F-16F7-4668-BE54-9A1E7A4F7556}") = "NerdStore.Catalogo.Domain", "src\NerdStore.Catalogo.Domain\NerdStore.Catalogo.Domain.csproj", "{7B3C61D7-DB14-4858-83FB-0A4CD3E0D7C4}"
EndProject
Project("{9A19103F-16F7-4668-BE54-9A1E7A4F7556}") = "NerdStore.Core", "src\NerdStore.Core\NerdStore.Core.csproj", "{BAF65262-4EA0-47AC-BE02-6FB1AD5651DA}"
EndProject
Project("{2150E333-8FDC-42A3-9474-1A3956D46DE8}") = "Tests", "Tests", "{52B3AB9C-F6A8-4153-92BD-0A41C6035DFC}"
EndProject
Project("{9A19103F-16F7-4668-BE54-9A1E7A4F7556}") = "NerdStore.Catalogo.Domain.Tests", "tests\NerdStore.Catalogo.Domain.Tests\NerdStore.Catalogo.Domain.Tests.csproj", "{B14BF96F-EF13-47DD-BDC4-9B646A543351}"
EndProject
Project("{9A19103F-16F7-4668-BE54-9A1E7A4F7556}") = "NerdStore.Catalogo.Infra", "src\NerdStore.Catalogo.Data\NerdStore.Catalogo.Infra.csproj", "{958009C8-0676-4764-9B28-456627D10CF0}"
EndProject
Project("{9A19103F-16F7-4668-BE54-9A1E7A4F7556}") = "NerdStore.Catalogo.Application", "src\NerdStore.Catalogo.Application\NerdStore.Catalogo.Application.csproj", "{DA67FCBA-7A06-420F-8334-90553FE186E7}"
EndProject
Project("{9A19103F-16F7-4668-BE54-9A1E7A4F7556}") = "NerdStore.WebApp.MVC", "src\NerdStore.WebApp.MVC\NerdStore.WebApp.MVC.csproj", "{8B1121EF-7793-424D-8D7E-C16DF206FFE1}"
EndProject
Project("{9A19103F-16F7-4668-BE54-9A1E7A4F7556}") = "NerdStore.Vendas.Domain", "src\NerdStore.Vendas.Domain\NerdStore.Vendas.Domain.csproj", "{AE99CCCD-CFBD-4C33-8963-0558759D4AFE}"
EndProject
Project("{9A19103F-16F7-4668-BE54-9A1E7A4F7556}") = "NerdStore.Vendas.Application", "src\NerdStore.Vendas.Application\NerdStore.Vendas.Application.csproj", "{CDD7C5D9-D8FB-4B83-B542-45BEC0788621}"
EndProject
Project("{9A19103F-16F7-4668-BE54-9A1E7A4F7556}") = "NerdStore.Vendas.Infra", "src\NerdStore.Vendas.Data\NerdStore.Vendas.Infra.csproj", "{4E28F869-47BB-4918-A2E8-6369676C8EAA}"
EndProject
Project("{FAE04EC0-301F-11D3-BF4B-00C04F79EFBC}") = "NerdStore.Pagamentos.AntiCorruption", "src\NerdStore.Pagamentos.AntiCorruption\NerdStore.Pagamentos.AntiCorruption.csproj", "{A607382B-D3F6-48A2-8957-AE8F14E238D5}"
EndProject
Project("{FAE04EC0-301F-11D3-BF4B-00C04F79EFBC}") = "NerdStore.Pagamentos.Business", "src\NerdStore.Pagamentos.Business\NerdStore.Pagamentos.Business.csproj", "{5F131898-8BA7-4141-9DAB-D5C0222265A4}"
EndProject
Project("{FAE04EC0-301F-11D3-BF4B-00C04F79EFBC}") = "NerdStore.Pagamentos.Data", "src\NerdStore.Pagamentos.Data\NerdStore.Pagamentos.Data.csproj", "{10CA66E5-B64F-4796-994B-1A8B8D0A70A0}"
EndProject
Global
	GlobalSection(SolutionConfigurationPlatforms) = preSolution
		Debug|Any CPU = Debug|Any CPU
		Release|Any CPU = Release|Any CPU
	EndGlobalSection
	GlobalSection(ProjectConfigurationPlatforms) = postSolution
		{7B3C61D7-DB14-4858-83FB-0A4CD3E0D7C4}.Debug|Any CPU.ActiveCfg = Debug|Any CPU
		{7B3C61D7-DB14-4858-83FB-0A4CD3E0D7C4}.Debug|Any CPU.Build.0 = Debug|Any CPU
		{7B3C61D7-DB14-4858-83FB-0A4CD3E0D7C4}.Release|Any CPU.ActiveCfg = Release|Any CPU
		{7B3C61D7-DB14-4858-83FB-0A4CD3E0D7C4}.Release|Any CPU.Build.0 = Release|Any CPU
		{BAF65262-4EA0-47AC-BE02-6FB1AD5651DA}.Debug|Any CPU.ActiveCfg = Debug|Any CPU
		{BAF65262-4EA0-47AC-BE02-6FB1AD5651DA}.Debug|Any CPU.Build.0 = Debug|Any CPU
		{BAF65262-4EA0-47AC-BE02-6FB1AD5651DA}.Release|Any CPU.ActiveCfg = Release|Any CPU
		{BAF65262-4EA0-47AC-BE02-6FB1AD5651DA}.Release|Any CPU.Build.0 = Release|Any CPU
		{B14BF96F-EF13-47DD-BDC4-9B646A543351}.Debug|Any CPU.ActiveCfg = Debug|Any CPU
		{B14BF96F-EF13-47DD-BDC4-9B646A543351}.Debug|Any CPU.Build.0 = Debug|Any CPU
		{B14BF96F-EF13-47DD-BDC4-9B646A543351}.Release|Any CPU.ActiveCfg = Release|Any CPU
		{B14BF96F-EF13-47DD-BDC4-9B646A543351}.Release|Any CPU.Build.0 = Release|Any CPU
		{958009C8-0676-4764-9B28-456627D10CF0}.Debug|Any CPU.ActiveCfg = Debug|Any CPU
		{958009C8-0676-4764-9B28-456627D10CF0}.Debug|Any CPU.Build.0 = Debug|Any CPU
		{958009C8-0676-4764-9B28-456627D10CF0}.Release|Any CPU.ActiveCfg = Release|Any CPU
		{958009C8-0676-4764-9B28-456627D10CF0}.Release|Any CPU.Build.0 = Release|Any CPU
		{DA67FCBA-7A06-420F-8334-90553FE186E7}.Debug|Any CPU.ActiveCfg = Debug|Any CPU
		{DA67FCBA-7A06-420F-8334-90553FE186E7}.Debug|Any CPU.Build.0 = Debug|Any CPU
		{DA67FCBA-7A06-420F-8334-90553FE186E7}.Release|Any CPU.ActiveCfg = Release|Any CPU
		{DA67FCBA-7A06-420F-8334-90553FE186E7}.Release|Any CPU.Build.0 = Release|Any CPU
		{8B1121EF-7793-424D-8D7E-C16DF206FFE1}.Debug|Any CPU.ActiveCfg = Debug|Any CPU
		{8B1121EF-7793-424D-8D7E-C16DF206FFE1}.Debug|Any CPU.Build.0 = Debug|Any CPU
		{8B1121EF-7793-424D-8D7E-C16DF206FFE1}.Release|Any CPU.ActiveCfg = Release|Any CPU
		{8B1121EF-7793-424D-8D7E-C16DF206FFE1}.Release|Any CPU.Build.0 = Release|Any CPU
		{AE99CCCD-CFBD-4C33-8963-0558759D4AFE}.Debug|Any CPU.ActiveCfg = Debug|Any CPU
		{AE99CCCD-CFBD-4C33-8963-0558759D4AFE}.Debug|Any CPU.Build.0 = Debug|Any CPU
		{AE99CCCD-CFBD-4C33-8963-0558759D4AFE}.Release|Any CPU.ActiveCfg = Release|Any CPU
		{AE99CCCD-CFBD-4C33-8963-0558759D4AFE}.Release|Any CPU.Build.0 = Release|Any CPU
		{CDD7C5D9-D8FB-4B83-B542-45BEC0788621}.Debug|Any CPU.ActiveCfg = Debug|Any CPU
		{CDD7C5D9-D8FB-4B83-B542-45BEC0788621}.Debug|Any CPU.Build.0 = Debug|Any CPU
		{CDD7C5D9-D8FB-4B83-B542-45BEC0788621}.Release|Any CPU.ActiveCfg = Release|Any CPU
		{CDD7C5D9-D8FB-4B83-B542-45BEC0788621}.Release|Any CPU.Build.0 = Release|Any CPU
		{4E28F869-47BB-4918-A2E8-6369676C8EAA}.Debug|Any CPU.ActiveCfg = Debug|Any CPU
		{4E28F869-47BB-4918-A2E8-6369676C8EAA}.Debug|Any CPU.Build.0 = Debug|Any CPU
		{4E28F869-47BB-4918-A2E8-6369676C8EAA}.Release|Any CPU.ActiveCfg = Release|Any CPU
		{4E28F869-47BB-4918-A2E8-6369676C8EAA}.Release|Any CPU.Build.0 = Release|Any CPU
		{A607382B-D3F6-48A2-8957-AE8F14E238D5}.Debug|Any CPU.ActiveCfg = Debug|Any CPU
		{A607382B-D3F6-48A2-8957-AE8F14E238D5}.Debug|Any CPU.Build.0 = Debug|Any CPU
		{A607382B-D3F6-48A2-8957-AE8F14E238D5}.Release|Any CPU.ActiveCfg = Release|Any CPU
		{A607382B-D3F6-48A2-8957-AE8F14E238D5}.Release|Any CPU.Build.0 = Release|Any CPU
		{5F131898-8BA7-4141-9DAB-D5C0222265A4}.Debug|Any CPU.ActiveCfg = Debug|Any CPU
		{5F131898-8BA7-4141-9DAB-D5C0222265A4}.Debug|Any CPU.Build.0 = Debug|Any CPU
		{5F131898-8BA7-4141-9DAB-D5C0222265A4}.Release|Any CPU.ActiveCfg = Release|Any CPU
		{5F131898-8BA7-4141-9DAB-D5C0222265A4}.Release|Any CPU.Build.0 = Release|Any CPU
		{10CA66E5-B64F-4796-994B-1A8B8D0A70A0}.Debug|Any CPU.ActiveCfg = Debug|Any CPU
		{10CA66E5-B64F-4796-994B-1A8B8D0A70A0}.Debug|Any CPU.Build.0 = Debug|Any CPU
		{10CA66E5-B64F-4796-994B-1A8B8D0A70A0}.Release|Any CPU.ActiveCfg = Release|Any CPU
		{10CA66E5-B64F-4796-994B-1A8B8D0A70A0}.Release|Any CPU.Build.0 = Release|Any CPU
	EndGlobalSection
	GlobalSection(SolutionProperties) = preSolution
		HideSolutionNode = FALSE
	EndGlobalSection
	GlobalSection(NestedProjects) = preSolution
		{53379A1A-363A-4581-8FE3-198862AA0DD1} = {C747C28C-0F16-4226-AF1D-8801954BC6EF}
		{D1BD343B-44AC-4227-8F99-65368AFBBB51} = {C747C28C-0F16-4226-AF1D-8801954BC6EF}
		{F8CA1080-3C07-4713-86DB-80A0A1D04D69} = {C747C28C-0F16-4226-AF1D-8801954BC6EF}
		{64E7C8E1-10F3-4FDF-B197-658E52EA6675} = {C747C28C-0F16-4226-AF1D-8801954BC6EF}
		{02C1371E-0088-4325-A051-67C2AC5B8F59} = {C747C28C-0F16-4226-AF1D-8801954BC6EF}
		{2B94A111-A528-4ED3-A2A5-EDA429856360} = {C747C28C-0F16-4226-AF1D-8801954BC6EF}
		{7B3C61D7-DB14-4858-83FB-0A4CD3E0D7C4} = {D1BD343B-44AC-4227-8F99-65368AFBBB51}
		{BAF65262-4EA0-47AC-BE02-6FB1AD5651DA} = {F8CA1080-3C07-4713-86DB-80A0A1D04D69}
		{52B3AB9C-F6A8-4153-92BD-0A41C6035DFC} = {D1BD343B-44AC-4227-8F99-65368AFBBB51}
		{B14BF96F-EF13-47DD-BDC4-9B646A543351} = {52B3AB9C-F6A8-4153-92BD-0A41C6035DFC}
		{958009C8-0676-4764-9B28-456627D10CF0} = {D1BD343B-44AC-4227-8F99-65368AFBBB51}
		{DA67FCBA-7A06-420F-8334-90553FE186E7} = {D1BD343B-44AC-4227-8F99-65368AFBBB51}
		{8B1121EF-7793-424D-8D7E-C16DF206FFE1} = {EE64817B-ADFE-45F9-9AF3-A7B355DCB34D}
		{AE99CCCD-CFBD-4C33-8963-0558759D4AFE} = {2B94A111-A528-4ED3-A2A5-EDA429856360}
		{CDD7C5D9-D8FB-4B83-B542-45BEC0788621} = {2B94A111-A528-4ED3-A2A5-EDA429856360}
		{4E28F869-47BB-4918-A2E8-6369676C8EAA} = {2B94A111-A528-4ED3-A2A5-EDA429856360}
		{A607382B-D3F6-48A2-8957-AE8F14E238D5} = {02C1371E-0088-4325-A051-67C2AC5B8F59}
		{5F131898-8BA7-4141-9DAB-D5C0222265A4} = {02C1371E-0088-4325-A051-67C2AC5B8F59}
		{10CA66E5-B64F-4796-994B-1A8B8D0A70A0} = {02C1371E-0088-4325-A051-67C2AC5B8F59}
	EndGlobalSection
	GlobalSection(ExtensibilityGlobals) = postSolution
		SolutionGuid = {D9816E18-7D8C-4F8A-8720-47BD559963C1}
	EndGlobalSection
EndGlobal
