
Microsoft Visual Studio Solution File, Format Version 12.00
# Visual Studio Version 17
VisualStudioVersion = 17.9.34728.123
MinimumVisualStudioVersion = 10.0.40219.1
Project("{2150E333-8FDC-42A3-9474-1A3956D46DE8}") = "Services", "Services", "{C747C28C-0F16-4226-AF1D-8801954BC6EF}"
EndProject
Project("{2150E333-8FDC-42A3-9474-1A3956D46DE8}") = "WebApps", "WebApps", "{EE64817B-ADFE-45F9-9AF3-A7B355DCB34D}"
EndProject
Project("{2150E333-8FDC-42A3-9474-1A3956D46DE8}") = "Cadastros", "Cadastros", "{53379A1A-363A-4581-8FE3-198862AA0DD1}"
EndProject
Project("{2150E333-8FDC-42A3-9474-1A3956D46DE8}") = "Catalogo", "Catalogo", "{D1BD343B-44AC-4227-8F99-65368AFBBB51}"
EndProject
Project("{2150E333-8FDC-42A3-9474-1A3956D46DE8}") = "Core", "Core", "{F8CA1080-3C07-4713-86DB-80A0A1D04D69}"
EndProject
Project("{2150E333-8FDC-42A3-9474-1A3956D46DE8}") = "Fiscal", "Fiscal", "{64E7C8E1-10F3-4FDF-B197-658E52EA6675}"
EndProject
Project("{2150E333-8FDC-42A3-9474-1A3956D46DE8}") = "Pagamentos", "Pagamentos", "{02C1371E-0088-4325-A051-67C2AC5B8F59}"
EndProject
Project("{2150E333-8FDC-42A3-9474-1A3956D46DE8}") = "Vendas", "Vendas", "{2B94A111-A528-4ED3-A2A5-EDA429856360}"
EndProject
Project("{FAE04EC0-301F-11D3-BF4B-00C04F79EFBC}") = "NerdStore.Catalogo.Domain", "src\NerdStore.Catalogo.Domain\NerdStore.Catalogo.Domain.csproj", "{7B3C61D7-DB14-4858-83FB-0A4CD3E0D7C4}"
EndProject
Project("{FAE04EC0-301F-11D3-BF4B-00C04F79EFBC}") = "NerdStore.Core", "src\NerdStore.Core\NerdStore.Core.csproj", "{BAF65262-4EA0-47AC-BE02-6FB1AD5651DA}"
EndProject
Global
	GlobalSection(SolutionConfigurationPlatforms) = preSolution
		Debug|Any CPU = Debug|Any CPU
		Release|Any CPU = Release|Any CPU
	EndGlobalSection
	GlobalSection(ProjectConfigurationPlatforms) = postSolution
		{7B3C61D7-DB14-4858-83FB-0A4CD3E0D7C4}.Debug|Any CPU.ActiveCfg = Debug|Any CPU
		{7B3C61D7-DB14-4858-83FB-0A4CD3E0D7C4}.Debug|Any CPU.Build.0 = Debug|Any CPU
		{7B3C61D7-DB14-4858-83FB-0A4CD3E0D7C4}.Release|Any CPU.ActiveCfg = Release|Any CPU
		{7B3C61D7-DB14-4858-83FB-0A4CD3E0D7C4}.Release|Any CPU.Build.0 = Release|Any CPU
		{BAF65262-4EA0-47AC-BE02-6FB1AD5651DA}.Debug|Any CPU.ActiveCfg = Debug|Any CPU
		{BAF65262-4EA0-47AC-BE02-6FB1AD5651DA}.Debug|Any CPU.Build.0 = Debug|Any CPU
		{BAF65262-4EA0-47AC-BE02-6FB1AD5651DA}.Release|Any CPU.ActiveCfg = Release|Any CPU
		{BAF65262-4EA0-47AC-BE02-6FB1AD5651DA}.Release|Any CPU.Build.0 = Release|Any CPU
	EndGlobalSection
	GlobalSection(SolutionProperties) = preSolution
		HideSolutionNode = FALSE
	EndGlobalSection
	GlobalSection(NestedProjects) = preSolution
		{53379A1A-363A-4581-8FE3-198862AA0DD1} = {C747C28C-0F16-4226-AF1D-8801954BC6EF}
		{D1BD343B-44AC-4227-8F99-65368AFBBB51} = {C747C28C-0F16-4226-AF1D-8801954BC6EF}
		{F8CA1080-3C07-4713-86DB-80A0A1D04D69} = {C747C28C-0F16-4226-AF1D-8801954BC6EF}
		{64E7C8E1-10F3-4FDF-B197-658E52EA6675} = {C747C28C-0F16-4226-AF1D-8801954BC6EF}
		{02C1371E-0088-4325-A051-67C2AC5B8F59} = {C747C28C-0F16-4226-AF1D-8801954BC6EF}
		{2B94A111-A528-4ED3-A2A5-EDA429856360} = {C747C28C-0F16-4226-AF1D-8801954BC6EF}
		{7B3C61D7-DB14-4858-83FB-0A4CD3E0D7C4} = {D1BD343B-44AC-4227-8F99-65368AFBBB51}
		{BAF65262-4EA0-47AC-BE02-6FB1AD5651DA} = {F8CA1080-3C07-4713-86DB-80A0A1D04D69}
	EndGlobalSection
	GlobalSection(ExtensibilityGlobals) = postSolution
		SolutionGuid = {D9816E18-7D8C-4F8A-8720-47BD559963C1}
	EndGlobalSection
EndGlobal
